
Microsoft Visual Studio Solution File, Format Version 12.00
# Visual Studio Version 18
Project("{8BC9CEB8-8B4A-11D0-8D11-00A0C91BC942}") = "ALL_BUILD", "ALL_BUILD.vcxproj", "{43ABEB8D-5D44-3229-9D51-FDAA48589DC0}"
	ProjectSection(ProjectDependencies) = postProject
		{E1A8FB02-50CE-3786-BBCA-891D20D9079B} = {E1A8FB02-50CE-3786-BBCA-891D20D9079B}
		{5D3F6535-9CF9-3413-97DF-7322220635B1} = {5D3F6535-9CF9-3413-97DF-7322220635B1}
	EndProjectSection
EndProject
Project("{8BC9CEB8-8B4A-11D0-8D11-00A0C91BC942}") = "PosnetNative", "PosnetNative.vcxproj", "{E1A8FB02-50CE-3786-BBCA-891D20D9079B}"
	ProjectSection(ProjectDependencies) = postProject
		{5D3F6535-9CF9-3413-97DF-7322220635B1} = {5D3F6535-9CF9-3413-97DF-7322220635B1}
	EndProjectSection
EndProject
Project("{8BC9CEB8-8B4A-11D0-8D11-00A0C91BC942}") = "ZERO_CHECK", "ZERO_CHECK.vcxproj", "{5D3F6535-9CF9-3413-97DF-7322220635B1}"
	ProjectSection(ProjectDependencies) = postProject
	EndProjectSection
EndProject
Global
	GlobalSection(SolutionConfigurationPlatforms) = preSolution
		Debug|x64 = Debug|x64
		Release|x64 = Release|x64
		MinSizeRel|x64 = MinSizeRel|x64
		RelWithDebInfo|x64 = RelWithDebInfo|x64
	EndGlobalSection
	GlobalSection(ProjectConfigurationPlatforms) = postSolution
		{43ABEB8D-5D44-3229-9D51-FDAA48589DC0}.Debug|x64.ActiveCfg = Debug|x64
		{43ABEB8D-5D44-3229-9D51-FDAA48589DC0}.Release|x64.ActiveCfg = Release|x64
		{43ABEB8D-5D44-3229-9D51-FDAA48589DC0}.MinSizeRel|x64.ActiveCfg = MinSizeRel|x64
		{43ABEB8D-5D44-3229-9D51-FDAA48589DC0}.RelWithDebInfo|x64.ActiveCfg = RelWithDebInfo|x64
		{E1A8FB02-50CE-3786-BBCA-891D20D9079B}.Debug|x64.ActiveCfg = Debug|x64
		{E1A8FB02-50CE-3786-BBCA-891D20D9079B}.Debug|x64.Build.0 = Debug|x64
		{E1A8FB02-50CE-3786-BBCA-891D20D9079B}.Release|x64.ActiveCfg = Release|x64
		{E1A8FB02-50CE-3786-BBCA-891D20D9079B}.Release|x64.Build.0 = Release|x64
		{E1A8FB02-50CE-3786-BBCA-891D20D9079B}.MinSizeRel|x64.ActiveCfg = MinSizeRel|x64
		{E1A8FB02-50CE-3786-BBCA-891D20D9079B}.MinSizeRel|x64.Build.0 = MinSizeRel|x64
		{E1A8FB02-50CE-3786-BBCA-891D20D9079B}.RelWithDebInfo|x64.ActiveCfg = RelWithDebInfo|x64
		{E1A8FB02-50CE-3786-BBCA-891D20D9079B}.RelWithDebInfo|x64.Build.0 = RelWithDebInfo|x64
		{5D3F6535-9CF9-3413-97DF-7322220635B1}.Debug|x64.ActiveCfg = Debug|x64
		{5D3F6535-9CF9-3413-97DF-7322220635B1}.Debug|x64.Build.0 = Debug|x64
		{5D3F6535-9CF9-3413-97DF-7322220635B1}.Release|x64.ActiveCfg = Release|x64
		{5D3F6535-9CF9-3413-97DF-7322220635B1}.Release|x64.Build.0 = Release|x64
		{5D3F6535-9CF9-3413-97DF-7322220635B1}.MinSizeRel|x64.ActiveCfg = MinSizeRel|x64
		{5D3F6535-9CF9-3413-97DF-7322220635B1}.MinSizeRel|x64.Build.0 = MinSizeRel|x64
		{5D3F6535-9CF9-3413-97DF-7322220635B1}.RelWithDebInfo|x64.ActiveCfg = RelWithDebInfo|x64
		{5D3F6535-9CF9-3413-97DF-7322220635B1}.RelWithDebInfo|x64.Build.0 = RelWithDebInfo|x64
	EndGlobalSection
	GlobalSection(ExtensibilityGlobals) = postSolution
		SolutionGuid = {DCF32DAE-D9C0-38A0-B7AE-F355ECFBDB2A}
	EndGlobalSection
	GlobalSection(ExtensibilityAddIns) = postSolution
	EndGlobalSection
EndGlobal
